
Microsoft Visual Studio Solution File, Format Version 12.00
# Visual Studio Version 16
VisualStudioVersion = 16.0.31515.178
MinimumVisualStudioVersion = 10.0.40219.1
Project("{9A19103F-16F7-4668-BE54-9A1E7A4F7556}") = "AplicacionU1-API", "AplicacionU1-API\AplicacionU1-API.csproj", "{E7E11C8A-531E-4057-88AC-ADB11A578260}"
EndProject
Project("{FAE04EC0-301F-11D3-BF4B-00C04F79EFBC}") = "AplicacionU1-Cliente.Android", "AplicacionU1-Cliente\AplicacionU1-Cliente.Android\AplicacionU1-Cliente.Android.csproj", "{50CE7C45-2677-4B46-A07C-4F50A5722472}"
EndProject
Project("{9A19103F-16F7-4668-BE54-9A1E7A4F7556}") = "AplicacionU1-Cliente", "AplicacionU1-Cliente\AplicacionU1-Cliente\AplicacionU1-Cliente.csproj", "{0C79B8B1-A40F-4A70-82BB-26DBF83B6E18}"
EndProject
Project("{9A19103F-16F7-4668-BE54-9A1E7A4F7556}") = "API-seguridad", "API-seguridad\API-seguridad.csproj", "{7ACACCD6-6C14-4816-89A2-924A65890EF7}"
EndProject
Project("{9A19103F-16F7-4668-BE54-9A1E7A4F7556}") = "EjemploApiJWT", "EjemploApiJWT\EjemploApiJWT.csproj", "{26D3DA6F-9B30-41E0-82BD-D66635C39E9B}"
EndProject
Project("{9A19103F-16F7-4668-BE54-9A1E7A4F7556}") = "EjemploClienteWebU3", "EjemploClienteWebU3\EjemploClienteWebU3.csproj", "{63A2DDFE-43A3-40CC-934D-81039DA3F0D8}"
EndProject
Project("{FAE04EC0-301F-11D3-BF4B-00C04F79EFBC}") = "EjemploMovilJwtU3.Android", "EjemploMovilJwtU3\EjemploMovilJwtU3.Android\EjemploMovilJwtU3.Android.csproj", "{3022C55D-5BF6-4423-8E28-182C5C205964}"
EndProject
Project("{9A19103F-16F7-4668-BE54-9A1E7A4F7556}") = "EjemploMovilJwtU3", "EjemploMovilJwtU3\EjemploMovilJwtU3\EjemploMovilJwtU3.csproj", "{EF5A331C-6496-4066-84C9-5B4DE1426974}"
EndProject
Project("{FAE04EC0-301F-11D3-BF4B-00C04F79EFBC}") = "AplicacionU2-Cliente.Android", "AplicacionU2-Cliente\AplicacionU2-Cliente.Android\AplicacionU2-Cliente.Android.csproj", "{204F0ED7-2597-4BCC-85DA-621048D66B75}"
EndProject
Project("{9A19103F-16F7-4668-BE54-9A1E7A4F7556}") = "AplicacionU2-Cliente", "AplicacionU2-Cliente\AplicacionU2-Cliente\AplicacionU2-Cliente.csproj", "{05BFB9D1-1E93-45A4-8290-75C909AA3D1F}"
EndProject
Project("{9A19103F-16F7-4668-BE54-9A1E7A4F7556}") = "AplicacionU2-ClienteWPF", "AplicacionU2-ClienteWPF\AplicacionU2-ClienteWPF.csproj", "{975DFF1A-E9A3-47A0-9C4E-F7A91688143D}"
EndProject
Project("{FAE04EC0-301F-11D3-BF4B-00C04F79EFBC}") = "AplicacionU3-ClienteMovil.Android", "AplicacionU3-ClienteMovil\AplicacionU3-ClienteMovil.Android\AplicacionU3-ClienteMovil.Android.csproj", "{85702650-92A0-4C43-B4A2-69A2FD3FB906}"
EndProject
Project("{FAE04EC0-301F-11D3-BF4B-00C04F79EFBC}") = "AplicacionU3-ClienteMovil", "AplicacionU3-ClienteMovil\AplicacionU3-ClienteMovil\AplicacionU3-ClienteMovil.csproj", "{56C73D7F-6A1A-4732-8ED4-324DF17989CE}"
EndProject
Project("{FAE04EC0-301F-11D3-BF4B-00C04F79EFBC}") = "AplicacionU3U4-Cliente.Android", "AplicacionU3U4-Cliente\AplicacionU3U4-Cliente.Android\AplicacionU3U4-Cliente.Android.csproj", "{F4A9EE3B-380D-48A6-82D1-C483CB0B859D}"
EndProject
Project("{FAE04EC0-301F-11D3-BF4B-00C04F79EFBC}") = "AplicacionU3U4-Cliente", "AplicacionU3U4-Cliente\AplicacionU3U4-Cliente\AplicacionU3U4-Cliente.csproj", "{542C06C6-CEC4-42F4-A8C5-C5C364C69943}"
EndProject
Global
	GlobalSection(SolutionConfigurationPlatforms) = preSolution
		Debug|Any CPU = Debug|Any CPU
		Release|Any CPU = Release|Any CPU
	EndGlobalSection
	GlobalSection(ProjectConfigurationPlatforms) = postSolution
		{E7E11C8A-531E-4057-88AC-ADB11A578260}.Debug|Any CPU.ActiveCfg = Debug|Any CPU
		{E7E11C8A-531E-4057-88AC-ADB11A578260}.Debug|Any CPU.Build.0 = Debug|Any CPU
		{E7E11C8A-531E-4057-88AC-ADB11A578260}.Release|Any CPU.ActiveCfg = Release|Any CPU
		{E7E11C8A-531E-4057-88AC-ADB11A578260}.Release|Any CPU.Build.0 = Release|Any CPU
		{50CE7C45-2677-4B46-A07C-4F50A5722472}.Debug|Any CPU.ActiveCfg = Debug|Any CPU
		{50CE7C45-2677-4B46-A07C-4F50A5722472}.Debug|Any CPU.Build.0 = Debug|Any CPU
		{50CE7C45-2677-4B46-A07C-4F50A5722472}.Debug|Any CPU.Deploy.0 = Debug|Any CPU
		{50CE7C45-2677-4B46-A07C-4F50A5722472}.Release|Any CPU.ActiveCfg = Release|Any CPU
		{50CE7C45-2677-4B46-A07C-4F50A5722472}.Release|Any CPU.Build.0 = Release|Any CPU
		{50CE7C45-2677-4B46-A07C-4F50A5722472}.Release|Any CPU.Deploy.0 = Release|Any CPU
		{0C79B8B1-A40F-4A70-82BB-26DBF83B6E18}.Debug|Any CPU.ActiveCfg = Debug|Any CPU
		{0C79B8B1-A40F-4A70-82BB-26DBF83B6E18}.Debug|Any CPU.Build.0 = Debug|Any CPU
		{0C79B8B1-A40F-4A70-82BB-26DBF83B6E18}.Release|Any CPU.ActiveCfg = Release|Any CPU
		{0C79B8B1-A40F-4A70-82BB-26DBF83B6E18}.Release|Any CPU.Build.0 = Release|Any CPU
		{7ACACCD6-6C14-4816-89A2-924A65890EF7}.Debug|Any CPU.ActiveCfg = Debug|Any CPU
		{7ACACCD6-6C14-4816-89A2-924A65890EF7}.Debug|Any CPU.Build.0 = Debug|Any CPU
		{7ACACCD6-6C14-4816-89A2-924A65890EF7}.Release|Any CPU.ActiveCfg = Release|Any CPU
		{7ACACCD6-6C14-4816-89A2-924A65890EF7}.Release|Any CPU.Build.0 = Release|Any CPU
		{26D3DA6F-9B30-41E0-82BD-D66635C39E9B}.Debug|Any CPU.ActiveCfg = Debug|Any CPU
		{26D3DA6F-9B30-41E0-82BD-D66635C39E9B}.Debug|Any CPU.Build.0 = Debug|Any CPU
		{26D3DA6F-9B30-41E0-82BD-D66635C39E9B}.Release|Any CPU.ActiveCfg = Release|Any CPU
		{26D3DA6F-9B30-41E0-82BD-D66635C39E9B}.Release|Any CPU.Build.0 = Release|Any CPU
		{63A2DDFE-43A3-40CC-934D-81039DA3F0D8}.Debug|Any CPU.ActiveCfg = Debug|Any CPU
		{63A2DDFE-43A3-40CC-934D-81039DA3F0D8}.Debug|Any CPU.Build.0 = Debug|Any CPU
		{63A2DDFE-43A3-40CC-934D-81039DA3F0D8}.Release|Any CPU.ActiveCfg = Release|Any CPU
		{63A2DDFE-43A3-40CC-934D-81039DA3F0D8}.Release|Any CPU.Build.0 = Release|Any CPU
		{3022C55D-5BF6-4423-8E28-182C5C205964}.Debug|Any CPU.ActiveCfg = Debug|Any CPU
		{3022C55D-5BF6-4423-8E28-182C5C205964}.Debug|Any CPU.Build.0 = Debug|Any CPU
		{3022C55D-5BF6-4423-8E28-182C5C205964}.Debug|Any CPU.Deploy.0 = Debug|Any CPU
		{3022C55D-5BF6-4423-8E28-182C5C205964}.Release|Any CPU.ActiveCfg = Release|Any CPU
		{3022C55D-5BF6-4423-8E28-182C5C205964}.Release|Any CPU.Build.0 = Release|Any CPU
		{3022C55D-5BF6-4423-8E28-182C5C205964}.Release|Any CPU.Deploy.0 = Release|Any CPU
		{EF5A331C-6496-4066-84C9-5B4DE1426974}.Debug|Any CPU.ActiveCfg = Debug|Any CPU
		{EF5A331C-6496-4066-84C9-5B4DE1426974}.Debug|Any CPU.Build.0 = Debug|Any CPU
		{EF5A331C-6496-4066-84C9-5B4DE1426974}.Release|Any CPU.ActiveCfg = Release|Any CPU
		{EF5A331C-6496-4066-84C9-5B4DE1426974}.Release|Any CPU.Build.0 = Release|Any CPU
		{204F0ED7-2597-4BCC-85DA-621048D66B75}.Debug|Any CPU.ActiveCfg = Debug|Any CPU
		{204F0ED7-2597-4BCC-85DA-621048D66B75}.Debug|Any CPU.Build.0 = Debug|Any CPU
		{204F0ED7-2597-4BCC-85DA-621048D66B75}.Debug|Any CPU.Deploy.0 = Debug|Any CPU
		{204F0ED7-2597-4BCC-85DA-621048D66B75}.Release|Any CPU.ActiveCfg = Release|Any CPU
		{204F0ED7-2597-4BCC-85DA-621048D66B75}.Release|Any CPU.Build.0 = Release|Any CPU
		{204F0ED7-2597-4BCC-85DA-621048D66B75}.Release|Any CPU.Deploy.0 = Release|Any CPU
		{05BFB9D1-1E93-45A4-8290-75C909AA3D1F}.Debug|Any CPU.ActiveCfg = Debug|Any CPU
		{05BFB9D1-1E93-45A4-8290-75C909AA3D1F}.Debug|Any CPU.Build.0 = Debug|Any CPU
		{05BFB9D1-1E93-45A4-8290-75C909AA3D1F}.Release|Any CPU.ActiveCfg = Release|Any CPU
		{05BFB9D1-1E93-45A4-8290-75C909AA3D1F}.Release|Any CPU.Build.0 = Release|Any CPU
		{975DFF1A-E9A3-47A0-9C4E-F7A91688143D}.Debug|Any CPU.ActiveCfg = Debug|Any CPU
		{975DFF1A-E9A3-47A0-9C4E-F7A91688143D}.Debug|Any CPU.Build.0 = Debug|Any CPU
		{975DFF1A-E9A3-47A0-9C4E-F7A91688143D}.Release|Any CPU.ActiveCfg = Release|Any CPU
		{975DFF1A-E9A3-47A0-9C4E-F7A91688143D}.Release|Any CPU.Build.0 = Release|Any CPU
		{85702650-92A0-4C43-B4A2-69A2FD3FB906}.Debug|Any CPU.ActiveCfg = Debug|Any CPU
		{85702650-92A0-4C43-B4A2-69A2FD3FB906}.Debug|Any CPU.Build.0 = Debug|Any CPU
		{85702650-92A0-4C43-B4A2-69A2FD3FB906}.Debug|Any CPU.Deploy.0 = Debug|Any CPU
		{85702650-92A0-4C43-B4A2-69A2FD3FB906}.Release|Any CPU.ActiveCfg = Release|Any CPU
		{85702650-92A0-4C43-B4A2-69A2FD3FB906}.Release|Any CPU.Build.0 = Release|Any CPU
		{85702650-92A0-4C43-B4A2-69A2FD3FB906}.Release|Any CPU.Deploy.0 = Release|Any CPU
		{56C73D7F-6A1A-4732-8ED4-324DF17989CE}.Debug|Any CPU.ActiveCfg = Debug|Any CPU
		{56C73D7F-6A1A-4732-8ED4-324DF17989CE}.Debug|Any CPU.Build.0 = Debug|Any CPU
		{56C73D7F-6A1A-4732-8ED4-324DF17989CE}.Release|Any CPU.ActiveCfg = Release|Any CPU
		{56C73D7F-6A1A-4732-8ED4-324DF17989CE}.Release|Any CPU.Build.0 = Release|Any CPU
		{F4A9EE3B-380D-48A6-82D1-C483CB0B859D}.Debug|Any CPU.ActiveCfg = Debug|Any CPU
		{F4A9EE3B-380D-48A6-82D1-C483CB0B859D}.Debug|Any CPU.Build.0 = Debug|Any CPU
		{F4A9EE3B-380D-48A6-82D1-C483CB0B859D}.Debug|Any CPU.Deploy.0 = Debug|Any CPU
		{F4A9EE3B-380D-48A6-82D1-C483CB0B859D}.Release|Any CPU.ActiveCfg = Release|Any CPU
		{F4A9EE3B-380D-48A6-82D1-C483CB0B859D}.Release|Any CPU.Build.0 = Release|Any CPU
		{F4A9EE3B-380D-48A6-82D1-C483CB0B859D}.Release|Any CPU.Deploy.0 = Release|Any CPU
		{542C06C6-CEC4-42F4-A8C5-C5C364C69943}.Debug|Any CPU.ActiveCfg = Debug|Any CPU
		{542C06C6-CEC4-42F4-A8C5-C5C364C69943}.Debug|Any CPU.Build.0 = Debug|Any CPU
		{542C06C6-CEC4-42F4-A8C5-C5C364C69943}.Release|Any CPU.ActiveCfg = Release|Any CPU
		{542C06C6-CEC4-42F4-A8C5-C5C364C69943}.Release|Any CPU.Build.0 = Release|Any CPU
	EndGlobalSection
	GlobalSection(SolutionProperties) = preSolution
		HideSolutionNode = FALSE
	EndGlobalSection
	GlobalSection(ExtensibilityGlobals) = postSolution
		SolutionGuid = {1BBF59BD-4AE7-43AF-BC72-826B7C7A347D}
	EndGlobalSection
EndGlobal
